// !$*UTF8*$!
{
	archiveVersion = 1;
	classes = {
	};
	objectVersion = 50;
	objects = {

/* Begin PBXBuildFile section */
		AA018E3A2482D39100FF1BF0 /* LevelFive.swift in Sources */ = {isa = PBXBuildFile; fileRef = AA018E392482D39100FF1BF0 /* LevelFive.swift */; };
		AA018E3C2482D49500FF1BF0 /* GoalInBox.swift in Sources */ = {isa = PBXBuildFile; fileRef = AA018E3B2482D49500FF1BF0 /* GoalInBox.swift */; };
		AA018E3E24831AF000FF1BF0 /* Spikes.swift in Sources */ = {isa = PBXBuildFile; fileRef = AA018E3D24831AF000FF1BF0 /* Spikes.swift */; };
		AA2362AE2489760C007C40B3 /* WorldOneLevelOne.swift in Sources */ = {isa = PBXBuildFile; fileRef = AA2362AD2489760C007C40B3 /* WorldOneLevelOne.swift */; };
		AA2362B0248979FB007C40B3 /* TutorialLabel.swift in Sources */ = {isa = PBXBuildFile; fileRef = AA2362AF248979FB007C40B3 /* TutorialLabel.swift */; };
		AA2362B2248981B8007C40B3 /* WorldOneLevelTwo.swift in Sources */ = {isa = PBXBuildFile; fileRef = AA2362B1248981B8007C40B3 /* WorldOneLevelTwo.swift */; };
		AA251F9E2486F24200E385F7 /* LevelTen.swift in Sources */ = {isa = PBXBuildFile; fileRef = AA251F9D2486F24200E385F7 /* LevelTen.swift */; };
		AA251FA02486F66700E385F7 /* LevelManager.swift in Sources */ = {isa = PBXBuildFile; fileRef = AA251F9F2486F66700E385F7 /* LevelManager.swift */; };
		AA251FA22486F88900E385F7 /* NextLevelLabel.swift in Sources */ = {isa = PBXBuildFile; fileRef = AA251FA12486F88900E385F7 /* NextLevelLabel.swift */; };
		AA44246D2484735B00D09271 /* LevelEight.swift in Sources */ = {isa = PBXBuildFile; fileRef = AA44246C2484735B00D09271 /* LevelEight.swift */; };
		AA5C0B102481C431006BFECE /* LevelThree.swift in Sources */ = {isa = PBXBuildFile; fileRef = AA5C0B0F2481C431006BFECE /* LevelThree.swift */; };
		AA5C0B132481D649006BFECE /* Level.swift in Sources */ = {isa = PBXBuildFile; fileRef = AA5C0B122481D649006BFECE /* Level.swift */; };
		AA5C0B152481D7FB006BFECE /* LevelFour.swift in Sources */ = {isa = PBXBuildFile; fileRef = AA5C0B142481D7FB006BFECE /* LevelFour.swift */; };
		AA7736A124832533007EAAA2 /* LevelSix.swift in Sources */ = {isa = PBXBuildFile; fileRef = AA7736A024832533007EAAA2 /* LevelSix.swift */; };
		AA7736A324834A30007EAAA2 /* Bouncer.swift in Sources */ = {isa = PBXBuildFile; fileRef = AA7736A224834A30007EAAA2 /* Bouncer.swift */; };
		AA7736A52483523E007EAAA2 /* LevelSeven.swift in Sources */ = {isa = PBXBuildFile; fileRef = AA7736A42483523E007EAAA2 /* LevelSeven.swift */; };
		AA7736A7248355DD007EAAA2 /* GhostWall.swift in Sources */ = {isa = PBXBuildFile; fileRef = AA7736A6248355DD007EAAA2 /* GhostWall.swift */; };
		AA7A81212479919E0028D100 /* AppDelegate.swift in Sources */ = {isa = PBXBuildFile; fileRef = AA7A81202479919E0028D100 /* AppDelegate.swift */; };
		AA7A81232479919E0028D100 /* GameScene.sks in Resources */ = {isa = PBXBuildFile; fileRef = AA7A81222479919E0028D100 /* GameScene.sks */; };
		AA7A81272479919E0028D100 /* GameScene.swift in Sources */ = {isa = PBXBuildFile; fileRef = AA7A81262479919E0028D100 /* GameScene.swift */; };
		AA7A81292479919E0028D100 /* GameViewController.swift in Sources */ = {isa = PBXBuildFile; fileRef = AA7A81282479919E0028D100 /* GameViewController.swift */; };
		AA7A812C2479919E0028D100 /* Main.storyboard in Resources */ = {isa = PBXBuildFile; fileRef = AA7A812A2479919E0028D100 /* Main.storyboard */; };
		AA7A812E247991A20028D100 /* Assets.xcassets in Resources */ = {isa = PBXBuildFile; fileRef = AA7A812D247991A20028D100 /* Assets.xcassets */; };
		AA7A8131247991A20028D100 /* LaunchScreen.storyboard in Resources */ = {isa = PBXBuildFile; fileRef = AA7A812F247991A20028D100 /* LaunchScreen.storyboard */; };
		AA7A813924799B220028D100 /* Ball.swift in Sources */ = {isa = PBXBuildFile; fileRef = AA7A813824799B220028D100 /* Ball.swift */; };
		AA84150B2489A79300707B7F /* WorldOneLevelThree.swift in Sources */ = {isa = PBXBuildFile; fileRef = AA84150A2489A79300707B7F /* WorldOneLevelThree.swift */; };
		AA84150D2489A97300707B7F /* WorldOneLevelFour.swift in Sources */ = {isa = PBXBuildFile; fileRef = AA84150C2489A97200707B7F /* WorldOneLevelFour.swift */; };
		AA847BD9247C0CAB0037CC16 /* HeroBall.swift in Sources */ = {isa = PBXBuildFile; fileRef = AA847BD8247C0CAB0037CC16 /* HeroBall.swift */; };
		AA847BDB247C13740037CC16 /* BombBall.swift in Sources */ = {isa = PBXBuildFile; fileRef = AA847BDA247C13740037CC16 /* BombBall.swift */; };
		AA847BE3247C259B0037CC16 /* ToggleSwitch.swift in Sources */ = {isa = PBXBuildFile; fileRef = AA847BE2247C259B0037CC16 /* ToggleSwitch.swift */; };
		AA847BE5247C3D720037CC16 /* CollisionManager.swift in Sources */ = {isa = PBXBuildFile; fileRef = AA847BE4247C3D720037CC16 /* CollisionManager.swift */; };
		AA847BE7247C41D10037CC16 /* Wall.swift in Sources */ = {isa = PBXBuildFile; fileRef = AA847BE6247C41D10037CC16 /* Wall.swift */; };
		AA847BE9247C43D60037CC16 /* LevelOne.swift in Sources */ = {isa = PBXBuildFile; fileRef = AA847BE8247C43D60037CC16 /* LevelOne.swift */; };
		AA847BEB247C60540037CC16 /* ToggleSwitchCounter.swift in Sources */ = {isa = PBXBuildFile; fileRef = AA847BEA247C60540037CC16 /* ToggleSwitchCounter.swift */; };
		AA8C3FE62481B2370071093D /* StartAndResetLabel.swift in Sources */ = {isa = PBXBuildFile; fileRef = AA8C3FE52481B2370071093D /* StartAndResetLabel.swift */; };
		AA9FF6E7247C6EB9002F6578 /* ToggleWall.swift in Sources */ = {isa = PBXBuildFile; fileRef = AA9FF6E6247C6EB9002F6578 /* ToggleWall.swift */; };
		AA9FF6EE247CB5D4002F6578 /* LevelTwo.swift in Sources */ = {isa = PBXBuildFile; fileRef = AA9FF6ED247CB5D4002F6578 /* LevelTwo.swift */; };
		AAD5A2112485F53C0065FEED /* LevelNine.swift in Sources */ = {isa = PBXBuildFile; fileRef = AAD5A2102485F53C0065FEED /* LevelNine.swift */; };
		AAF2CCA5247AC0B100AF3AD0 /* Arrow.swift in Sources */ = {isa = PBXBuildFile; fileRef = AAF2CCA4247AC0B100AF3AD0 /* Arrow.swift */; };
		AAF2CCA7247B6CDF00AF3AD0 /* Goal.swift in Sources */ = {isa = PBXBuildFile; fileRef = AAF2CCA6247B6CDE00AF3AD0 /* Goal.swift */; };
		AAF6CAF024809F9D00207E2A /* BombParticle.sks in Resources */ = {isa = PBXBuildFile; fileRef = AAF6CAEE24809F9D00207E2A /* BombParticle.sks */; };
		AAF6CAF124809F9D00207E2A /* Assets.xcassets in Resources */ = {isa = PBXBuildFile; fileRef = AAF6CAEF24809F9D00207E2A /* Assets.xcassets */; };
		AAF6CAF52480A35E00207E2A /* GhostBall.swift in Sources */ = {isa = PBXBuildFile; fileRef = AAF6CAF42480A35E00207E2A /* GhostBall.swift */; };
/* End PBXBuildFile section */

/* Begin PBXFileReference section */
		AA018E392482D39100FF1BF0 /* LevelFive.swift */ = {isa = PBXFileReference; lastKnownFileType = sourcecode.swift; name = LevelFive.swift; path = "RollOn/Levels/Original Levels/LevelFive.swift"; sourceTree = SOURCE_ROOT; };
		AA018E3B2482D49500FF1BF0 /* GoalInBox.swift */ = {isa = PBXFileReference; lastKnownFileType = sourcecode.swift; path = GoalInBox.swift; sourceTree = "<group>"; };
		AA018E3D24831AF000FF1BF0 /* Spikes.swift */ = {isa = PBXFileReference; lastKnownFileType = sourcecode.swift; path = Spikes.swift; sourceTree = "<group>"; };
		AA2362AD2489760C007C40B3 /* WorldOneLevelOne.swift */ = {isa = PBXFileReference; lastKnownFileType = sourcecode.swift; path = WorldOneLevelOne.swift; sourceTree = "<group>"; };
		AA2362AF248979FB007C40B3 /* TutorialLabel.swift */ = {isa = PBXFileReference; lastKnownFileType = sourcecode.swift; path = TutorialLabel.swift; sourceTree = "<group>"; };
		AA2362B1248981B8007C40B3 /* WorldOneLevelTwo.swift */ = {isa = PBXFileReference; lastKnownFileType = sourcecode.swift; path = WorldOneLevelTwo.swift; sourceTree = "<group>"; };
		AA251F9D2486F24200E385F7 /* LevelTen.swift */ = {isa = PBXFileReference; lastKnownFileType = sourcecode.swift; name = LevelTen.swift; path = "RollOn/Levels/Original Levels/LevelTen.swift"; sourceTree = SOURCE_ROOT; };
		AA251F9F2486F66700E385F7 /* LevelManager.swift */ = {isa = PBXFileReference; lastKnownFileType = sourcecode.swift; name = LevelManager.swift; path = RollOn/Levels/LevelManager.swift; sourceTree = SOURCE_ROOT; };
		AA251FA12486F88900E385F7 /* NextLevelLabel.swift */ = {isa = PBXFileReference; lastKnownFileType = sourcecode.swift; path = NextLevelLabel.swift; sourceTree = "<group>"; };
		AA44246C2484735B00D09271 /* LevelEight.swift */ = {isa = PBXFileReference; lastKnownFileType = sourcecode.swift; name = LevelEight.swift; path = "RollOn/Levels/Original Levels/LevelEight.swift"; sourceTree = SOURCE_ROOT; };
		AA5C0B0F2481C431006BFECE /* LevelThree.swift */ = {isa = PBXFileReference; lastKnownFileType = sourcecode.swift; name = LevelThree.swift; path = "RollOn/Levels/Original Levels/LevelThree.swift"; sourceTree = SOURCE_ROOT; };
		AA5C0B122481D649006BFECE /* Level.swift */ = {isa = PBXFileReference; lastKnownFileType = sourcecode.swift; path = Level.swift; sourceTree = "<group>"; };
		AA5C0B142481D7FB006BFECE /* LevelFour.swift */ = {isa = PBXFileReference; lastKnownFileType = sourcecode.swift; name = LevelFour.swift; path = "RollOn/Levels/Original Levels/LevelFour.swift"; sourceTree = SOURCE_ROOT; };
		AA7736A024832533007EAAA2 /* LevelSix.swift */ = {isa = PBXFileReference; lastKnownFileType = sourcecode.swift; name = LevelSix.swift; path = "RollOn/Levels/Original Levels/LevelSix.swift"; sourceTree = SOURCE_ROOT; };
		AA7736A224834A30007EAAA2 /* Bouncer.swift */ = {isa = PBXFileReference; lastKnownFileType = sourcecode.swift; path = Bouncer.swift; sourceTree = "<group>"; };
		AA7736A42483523E007EAAA2 /* LevelSeven.swift */ = {isa = PBXFileReference; lastKnownFileType = sourcecode.swift; name = LevelSeven.swift; path = "RollOn/Levels/Original Levels/LevelSeven.swift"; sourceTree = SOURCE_ROOT; };
		AA7736A6248355DD007EAAA2 /* GhostWall.swift */ = {isa = PBXFileReference; lastKnownFileType = sourcecode.swift; path = GhostWall.swift; sourceTree = "<group>"; };
		AA7A811D2479919E0028D100 /* RollOn.app */ = {isa = PBXFileReference; explicitFileType = wrapper.application; includeInIndex = 0; path = RollOn.app; sourceTree = BUILT_PRODUCTS_DIR; };
		AA7A81202479919E0028D100 /* AppDelegate.swift */ = {isa = PBXFileReference; lastKnownFileType = sourcecode.swift; path = AppDelegate.swift; sourceTree = "<group>"; };
		AA7A81222479919E0028D100 /* GameScene.sks */ = {isa = PBXFileReference; lastKnownFileType = file.sks; path = GameScene.sks; sourceTree = "<group>"; };
		AA7A81262479919E0028D100 /* GameScene.swift */ = {isa = PBXFileReference; lastKnownFileType = sourcecode.swift; path = GameScene.swift; sourceTree = "<group>"; };
		AA7A81282479919E0028D100 /* GameViewController.swift */ = {isa = PBXFileReference; lastKnownFileType = sourcecode.swift; path = GameViewController.swift; sourceTree = "<group>"; };
		AA7A812B2479919E0028D100 /* Base */ = {isa = PBXFileReference; lastKnownFileType = file.storyboard; name = Base; path = Base.lproj/Main.storyboard; sourceTree = "<group>"; };
		AA7A812D247991A20028D100 /* Assets.xcassets */ = {isa = PBXFileReference; lastKnownFileType = folder.assetcatalog; name = Assets.xcassets; path = RollOn/Assets.xcassets; sourceTree = SOURCE_ROOT; };
		AA7A8130247991A20028D100 /* Base */ = {isa = PBXFileReference; lastKnownFileType = file.storyboard; name = Base; path = Base.lproj/LaunchScreen.storyboard; sourceTree = "<group>"; };
		AA7A8132247991A20028D100 /* Info.plist */ = {isa = PBXFileReference; lastKnownFileType = text.plist.xml; name = Info.plist; path = RollOn/RarelyUsedFiles/Info.plist; sourceTree = SOURCE_ROOT; };
		AA7A813824799B220028D100 /* Ball.swift */ = {isa = PBXFileReference; lastKnownFileType = sourcecode.swift; path = Ball.swift; sourceTree = "<group>"; };
		AA84150A2489A79300707B7F /* WorldOneLevelThree.swift */ = {isa = PBXFileReference; lastKnownFileType = sourcecode.swift; path = WorldOneLevelThree.swift; sourceTree = "<group>"; };
		AA84150C2489A97200707B7F /* WorldOneLevelFour.swift */ = {isa = PBXFileReference; lastKnownFileType = sourcecode.swift; path = WorldOneLevelFour.swift; sourceTree = "<group>"; };
		AA847BD8247C0CAB0037CC16 /* HeroBall.swift */ = {isa = PBXFileReference; lastKnownFileType = sourcecode.swift; path = HeroBall.swift; sourceTree = "<group>"; };
		AA847BDA247C13740037CC16 /* BombBall.swift */ = {isa = PBXFileReference; lastKnownFileType = sourcecode.swift; path = BombBall.swift; sourceTree = "<group>"; };
		AA847BE2247C259B0037CC16 /* ToggleSwitch.swift */ = {isa = PBXFileReference; lastKnownFileType = sourcecode.swift; path = ToggleSwitch.swift; sourceTree = "<group>"; };
		AA847BE4247C3D720037CC16 /* CollisionManager.swift */ = {isa = PBXFileReference; lastKnownFileType = sourcecode.swift; path = CollisionManager.swift; sourceTree = "<group>"; };
		AA847BE6247C41D10037CC16 /* Wall.swift */ = {isa = PBXFileReference; lastKnownFileType = sourcecode.swift; path = Wall.swift; sourceTree = "<group>"; };
		AA847BE8247C43D60037CC16 /* LevelOne.swift */ = {isa = PBXFileReference; lastKnownFileType = sourcecode.swift; name = LevelOne.swift; path = "RollOn/Levels/Original Levels/LevelOne.swift"; sourceTree = SOURCE_ROOT; };
		AA847BEA247C60540037CC16 /* ToggleSwitchCounter.swift */ = {isa = PBXFileReference; lastKnownFileType = sourcecode.swift; path = ToggleSwitchCounter.swift; sourceTree = "<group>"; };
		AA8C3FE52481B2370071093D /* StartAndResetLabel.swift */ = {isa = PBXFileReference; lastKnownFileType = sourcecode.swift; path = StartAndResetLabel.swift; sourceTree = "<group>"; };
		AA9FF6E6247C6EB9002F6578 /* ToggleWall.swift */ = {isa = PBXFileReference; lastKnownFileType = sourcecode.swift; path = ToggleWall.swift; sourceTree = "<group>"; };
		AA9FF6ED247CB5D4002F6578 /* LevelTwo.swift */ = {isa = PBXFileReference; lastKnownFileType = sourcecode.swift; name = LevelTwo.swift; path = "RollOn/Levels/Original Levels/LevelTwo.swift"; sourceTree = SOURCE_ROOT; };
		AAD5A2102485F53C0065FEED /* LevelNine.swift */ = {isa = PBXFileReference; lastKnownFileType = sourcecode.swift; name = LevelNine.swift; path = "RollOn/Levels/Original Levels/LevelNine.swift"; sourceTree = SOURCE_ROOT; };
		AAF2CCA4247AC0B100AF3AD0 /* Arrow.swift */ = {isa = PBXFileReference; lastKnownFileType = sourcecode.swift; path = Arrow.swift; sourceTree = "<group>"; };
		AAF2CCA6247B6CDE00AF3AD0 /* Goal.swift */ = {isa = PBXFileReference; lastKnownFileType = sourcecode.swift; path = Goal.swift; sourceTree = "<group>"; };
		AAF6CAEE24809F9D00207E2A /* BombParticle.sks */ = {isa = PBXFileReference; lastKnownFileType = file.sks; path = BombParticle.sks; sourceTree = "<group>"; };
		AAF6CAEF24809F9D00207E2A /* Assets.xcassets */ = {isa = PBXFileReference; lastKnownFileType = folder.assetcatalog; path = Assets.xcassets; sourceTree = "<group>"; };
		AAF6CAF42480A35E00207E2A /* GhostBall.swift */ = {isa = PBXFileReference; lastKnownFileType = sourcecode.swift; path = GhostBall.swift; sourceTree = "<group>"; };
/* End PBXFileReference section */

/* Begin PBXFrameworksBuildPhase section */
		AA7A811A2479919E0028D100 /* Frameworks */ = {
			isa = PBXFrameworksBuildPhase;
			buildActionMask = 2147483647;
			files = (
			);
			runOnlyForDeploymentPostprocessing = 0;
		};
/* End PBXFrameworksBuildPhase section */

/* Begin PBXGroup section */
		AA2362AB248973A7007C40B3 /* Original Levels */ = {
			isa = PBXGroup;
			children = (
				AA847BE8247C43D60037CC16 /* LevelOne.swift */,
				AA9FF6ED247CB5D4002F6578 /* LevelTwo.swift */,
				AA5C0B0F2481C431006BFECE /* LevelThree.swift */,
				AA5C0B142481D7FB006BFECE /* LevelFour.swift */,
				AA018E392482D39100FF1BF0 /* LevelFive.swift */,
				AA7736A024832533007EAAA2 /* LevelSix.swift */,
				AA7736A42483523E007EAAA2 /* LevelSeven.swift */,
				AA44246C2484735B00D09271 /* LevelEight.swift */,
				AAD5A2102485F53C0065FEED /* LevelNine.swift */,
				AA251F9D2486F24200E385F7 /* LevelTen.swift */,
			);
			name = "Original Levels";
			path = "RollOn/Levels/Original Levels";
			sourceTree = SOURCE_ROOT;
		};
		AA2362AC248975EF007C40B3 /* World1 */ = {
			isa = PBXGroup;
			children = (
				AA2362AD2489760C007C40B3 /* WorldOneLevelOne.swift */,
				AA2362B1248981B8007C40B3 /* WorldOneLevelTwo.swift */,
				AA84150A2489A79300707B7F /* WorldOneLevelThree.swift */,
				AA84150C2489A97200707B7F /* WorldOneLevelFour.swift */,
			);
			name = World1;
			path = RollOn/Levels/World1;
			sourceTree = SOURCE_ROOT;
		};
		AA5C0B112481D5EF006BFECE /* Levels */ = {
			isa = PBXGroup;
			children = (
				AA5C0B122481D649006BFECE /* Level.swift */,
				AA251F9F2486F66700E385F7 /* LevelManager.swift */,
				AA2362AC248975EF007C40B3 /* World1 */,
				AA2362AB248973A7007C40B3 /* Original Levels */,
			);
			name = Levels;
			path = RollOn/Levels;
			sourceTree = SOURCE_ROOT;
		};
		AA7A81142479919E0028D100 = {
			isa = PBXGroup;
			children = (
				AA7A811F2479919E0028D100 /* RollOn */,
				AA7A811E2479919E0028D100 /* Products */,
			);
			sourceTree = "<group>";
		};
		AA7A811E2479919E0028D100 /* Products */ = {
			isa = PBXGroup;
			children = (
				AA7A811D2479919E0028D100 /* RollOn.app */,
			);
			name = Products;
			sourceTree = "<group>";
		};
		AA7A811F2479919E0028D100 /* RollOn */ = {
			isa = PBXGroup;
			children = (
				AA9FF6EC247CB281002F6578 /* GameEngine */,
				AA9FF6E8247CB1FE002F6578 /* Balls */,
				AA9FF6E9247CB226002F6578 /* Obstacles */,
				AA5C0B112481D5EF006BFECE /* Levels */,
				AAF6CAF22480A2B700207E2A /* Assets */,
				AA9FF6EB247CB269002F6578 /* RarelyUsedFiles */,
			);
			path = RollOn;
			sourceTree = "<group>";
		};
		AA9FF6E8247CB1FE002F6578 /* Balls */ = {
			isa = PBXGroup;
			children = (
				AA7A813824799B220028D100 /* Ball.swift */,
				AA847BD8247C0CAB0037CC16 /* HeroBall.swift */,
				AA847BDA247C13740037CC16 /* BombBall.swift */,
				AAF6CAF42480A35E00207E2A /* GhostBall.swift */,
				AAF2CCA4247AC0B100AF3AD0 /* Arrow.swift */,
			);
			name = Balls;
			path = RollOn/Balls;
			sourceTree = SOURCE_ROOT;
		};
		AA9FF6E9247CB226002F6578 /* Obstacles */ = {
			isa = PBXGroup;
			children = (
				AAF2CCA6247B6CDE00AF3AD0 /* Goal.swift */,
				AA018E3B2482D49500FF1BF0 /* GoalInBox.swift */,
				AA847BE6247C41D10037CC16 /* Wall.swift */,
				AA7736A6248355DD007EAAA2 /* GhostWall.swift */,
				AA018E3D24831AF000FF1BF0 /* Spikes.swift */,
				AA7736A224834A30007EAAA2 /* Bouncer.swift */,
				AA9FF6EA247CB249002F6578 /* Toggles */,
			);
			name = Obstacles;
			path = RollOn/Obstacles;
			sourceTree = SOURCE_ROOT;
		};
		AA9FF6EA247CB249002F6578 /* Toggles */ = {
			isa = PBXGroup;
			children = (
				AA847BEA247C60540037CC16 /* ToggleSwitchCounter.swift */,
				AA847BE2247C259B0037CC16 /* ToggleSwitch.swift */,
				AA9FF6E6247C6EB9002F6578 /* ToggleWall.swift */,
			);
			name = Toggles;
			path = RollOn/Obstacles/Toggles;
			sourceTree = SOURCE_ROOT;
		};
		AA9FF6EB247CB269002F6578 /* RarelyUsedFiles */ = {
			isa = PBXGroup;
			children = (
				AA7A81202479919E0028D100 /* AppDelegate.swift */,
				AA7A81222479919E0028D100 /* GameScene.sks */,
				AA7A81282479919E0028D100 /* GameViewController.swift */,
				AA7A812A2479919E0028D100 /* Main.storyboard */,
				AA7A812F247991A20028D100 /* LaunchScreen.storyboard */,
				AA7A8132247991A20028D100 /* Info.plist */,
			);
			name = RarelyUsedFiles;
			path = RollOn/RarelyUsedFiles;
			sourceTree = SOURCE_ROOT;
		};
		AA9FF6EC247CB281002F6578 /* GameEngine */ = {
			isa = PBXGroup;
			children = (
				AA7A81262479919E0028D100 /* GameScene.swift */,
				AA847BE4247C3D720037CC16 /* CollisionManager.swift */,
				AA8C3FE52481B2370071093D /* StartAndResetLabel.swift */,
				AA251FA12486F88900E385F7 /* NextLevelLabel.swift */,
				AA2362AF248979FB007C40B3 /* TutorialLabel.swift */,
			);
			name = GameEngine;
			path = RollOn/GameEngine;
			sourceTree = SOURCE_ROOT;
		};
		AAF6CAF22480A2B700207E2A /* Assets */ = {
			isa = PBXGroup;
			children = (
				AAF6CAF32480A2ED00207E2A /* Particles */,
				AA7A812D247991A20028D100 /* Assets.xcassets */,
			);
			name = Assets;
			path = RollOn/Assets;
			sourceTree = SOURCE_ROOT;
		};
		AAF6CAF32480A2ED00207E2A /* Particles */ = {
			isa = PBXGroup;
			children = (
				AAF6CAEE24809F9D00207E2A /* BombParticle.sks */,
				AAF6CAEF24809F9D00207E2A /* Assets.xcassets */,
			);
			path = Particles;
			sourceTree = "<group>";
		};
/* End PBXGroup section */

/* Begin PBXNativeTarget section */
		AA7A811C2479919E0028D100 /* RollOn */ = {
			isa = PBXNativeTarget;
			buildConfigurationList = AA7A8135247991A20028D100 /* Build configuration list for PBXNativeTarget "RollOn" */;
			buildPhases = (
				AA7A81192479919E0028D100 /* Sources */,
				AA7A811A2479919E0028D100 /* Frameworks */,
				AA7A811B2479919E0028D100 /* Resources */,
			);
			buildRules = (
			);
			dependencies = (
			);
			name = RollOn;
			productName = RollOn;
			productReference = AA7A811D2479919E0028D100 /* RollOn.app */;
			productType = "com.apple.product-type.application";
		};
/* End PBXNativeTarget section */

/* Begin PBXProject section */
		AA7A81152479919E0028D100 /* Project object */ = {
			isa = PBXProject;
			attributes = {
				LastSwiftUpdateCheck = 1140;
				LastUpgradeCheck = 1140;
				ORGANIZATIONNAME = "Jon Evans";
				TargetAttributes = {
					AA7A811C2479919E0028D100 = {
						CreatedOnToolsVersion = 11.4.1;
					};
				};
			};
			buildConfigurationList = AA7A81182479919E0028D100 /* Build configuration list for PBXProject "RollOn" */;
			compatibilityVersion = "Xcode 9.3";
			developmentRegion = en;
			hasScannedForEncodings = 0;
			knownRegions = (
				en,
				Base,
			);
			mainGroup = AA7A81142479919E0028D100;
			productRefGroup = AA7A811E2479919E0028D100 /* Products */;
			projectDirPath = "";
			projectRoot = "";
			targets = (
				AA7A811C2479919E0028D100 /* RollOn */,
			);
		};
/* End PBXProject section */

/* Begin PBXResourcesBuildPhase section */
		AA7A811B2479919E0028D100 /* Resources */ = {
			isa = PBXResourcesBuildPhase;
			buildActionMask = 2147483647;
			files = (
				AA7A812C2479919E0028D100 /* Main.storyboard in Resources */,
				AA7A81232479919E0028D100 /* GameScene.sks in Resources */,
				AA7A812E247991A20028D100 /* Assets.xcassets in Resources */,
				AAF6CAF024809F9D00207E2A /* BombParticle.sks in Resources */,
				AAF6CAF124809F9D00207E2A /* Assets.xcassets in Resources */,
				AA7A8131247991A20028D100 /* LaunchScreen.storyboard in Resources */,
			);
			runOnlyForDeploymentPostprocessing = 0;
		};
/* End PBXResourcesBuildPhase section */

/* Begin PBXSourcesBuildPhase section */
		AA7A81192479919E0028D100 /* Sources */ = {
			isa = PBXSourcesBuildPhase;
			buildActionMask = 2147483647;
			files = (
				AA7A813924799B220028D100 /* Ball.swift in Sources */,
				AA7A81272479919E0028D100 /* GameScene.swift in Sources */,
				AA5C0B152481D7FB006BFECE /* LevelFour.swift in Sources */,
				AA847BE5247C3D720037CC16 /* CollisionManager.swift in Sources */,
				AA018E3E24831AF000FF1BF0 /* Spikes.swift in Sources */,
				AA847BEB247C60540037CC16 /* ToggleSwitchCounter.swift in Sources */,
				AA2362AE2489760C007C40B3 /* WorldOneLevelOne.swift in Sources */,
				AA251FA22486F88900E385F7 /* NextLevelLabel.swift in Sources */,
				AA251FA02486F66700E385F7 /* LevelManager.swift in Sources */,
				AAD5A2112485F53C0065FEED /* LevelNine.swift in Sources */,
				AA847BE7247C41D10037CC16 /* Wall.swift in Sources */,
				AA7736A324834A30007EAAA2 /* Bouncer.swift in Sources */,
				AA9FF6E7247C6EB9002F6578 /* ToggleWall.swift in Sources */,
				AA7A81292479919E0028D100 /* GameViewController.swift in Sources */,
				AAF2CCA5247AC0B100AF3AD0 /* Arrow.swift in Sources */,
				AA7736A7248355DD007EAAA2 /* GhostWall.swift in Sources */,
				AA018E3C2482D49500FF1BF0 /* GoalInBox.swift in Sources */,
				AA9FF6EE247CB5D4002F6578 /* LevelTwo.swift in Sources */,
				AA5C0B102481C431006BFECE /* LevelThree.swift in Sources */,
				AA7736A52483523E007EAAA2 /* LevelSeven.swift in Sources */,
				AA44246D2484735B00D09271 /* LevelEight.swift in Sources */,
				AA7736A124832533007EAAA2 /* LevelSix.swift in Sources */,
				AA847BE3247C259B0037CC16 /* ToggleSwitch.swift in Sources */,
				AA84150D2489A97300707B7F /* WorldOneLevelFour.swift in Sources */,
				AA8C3FE62481B2370071093D /* StartAndResetLabel.swift in Sources */,
				AA2362B0248979FB007C40B3 /* TutorialLabel.swift in Sources */,
				AAF6CAF52480A35E00207E2A /* GhostBall.swift in Sources */,
				AA2362B2248981B8007C40B3 /* WorldOneLevelTwo.swift in Sources */,
				AA847BDB247C13740037CC16 /* BombBall.swift in Sources */,
				AAF2CCA7247B6CDF00AF3AD0 /* Goal.swift in Sources */,
				AA7A81212479919E0028D100 /* AppDelegate.swift in Sources */,
				AA847BD9247C0CAB0037CC16 /* HeroBall.swift in Sources */,
				AA251F9E2486F24200E385F7 /* LevelTen.swift in Sources */,
				AA5C0B132481D649006BFECE /* Level.swift in Sources */,
				AA84150B2489A79300707B7F /* WorldOneLevelThree.swift in Sources */,
				AA018E3A2482D39100FF1BF0 /* LevelFive.swift in Sources */,
				AA847BE9247C43D60037CC16 /* LevelOne.swift in Sources */,
			);
			runOnlyForDeploymentPostprocessing = 0;
		};
/* End PBXSourcesBuildPhase section */

/* Begin PBXVariantGroup section */
		AA7A812A2479919E0028D100 /* Main.storyboard */ = {
			isa = PBXVariantGroup;
			children = (
				AA7A812B2479919E0028D100 /* Base */,
			);
			name = Main.storyboard;
			sourceTree = "<group>";
		};
		AA7A812F247991A20028D100 /* LaunchScreen.storyboard */ = {
			isa = PBXVariantGroup;
			children = (
				AA7A8130247991A20028D100 /* Base */,
			);
			name = LaunchScreen.storyboard;
			sourceTree = "<group>";
		};
/* End PBXVariantGroup section */

/* Begin XCBuildConfiguration section */
		AA7A8133247991A20028D100 /* Debug */ = {
			isa = XCBuildConfiguration;
			buildSettings = {
				ALWAYS_SEARCH_USER_PATHS = NO;
				CLANG_ANALYZER_NONNULL = YES;
				CLANG_ANALYZER_NUMBER_OBJECT_CONVERSION = YES_AGGRESSIVE;
				CLANG_CXX_LANGUAGE_STANDARD = "gnu++14";
				CLANG_CXX_LIBRARY = "libc++";
				CLANG_ENABLE_MODULES = YES;
				CLANG_ENABLE_OBJC_ARC = YES;
				CLANG_ENABLE_OBJC_WEAK = YES;
				CLANG_WARN_BLOCK_CAPTURE_AUTORELEASING = YES;
				CLANG_WARN_BOOL_CONVERSION = YES;
				CLANG_WARN_COMMA = YES;
				CLANG_WARN_CONSTANT_CONVERSION = YES;
				CLANG_WARN_DEPRECATED_OBJC_IMPLEMENTATIONS = YES;
				CLANG_WARN_DIRECT_OBJC_ISA_USAGE = YES_ERROR;
				CLANG_WARN_DOCUMENTATION_COMMENTS = YES;
				CLANG_WARN_EMPTY_BODY = YES;
				CLANG_WARN_ENUM_CONVERSION = YES;
				CLANG_WARN_INFINITE_RECURSION = YES;
				CLANG_WARN_INT_CONVERSION = YES;
				CLANG_WARN_NON_LITERAL_NULL_CONVERSION = YES;
				CLANG_WARN_OBJC_IMPLICIT_RETAIN_SELF = YES;
				CLANG_WARN_OBJC_LITERAL_CONVERSION = YES;
				CLANG_WARN_OBJC_ROOT_CLASS = YES_ERROR;
				CLANG_WARN_RANGE_LOOP_ANALYSIS = YES;
				CLANG_WARN_STRICT_PROTOTYPES = YES;
				CLANG_WARN_SUSPICIOUS_MOVE = YES;
				CLANG_WARN_UNGUARDED_AVAILABILITY = YES_AGGRESSIVE;
				CLANG_WARN_UNREACHABLE_CODE = YES;
				CLANG_WARN__DUPLICATE_METHOD_MATCH = YES;
				COPY_PHASE_STRIP = NO;
				DEBUG_INFORMATION_FORMAT = dwarf;
				ENABLE_STRICT_OBJC_MSGSEND = YES;
				ENABLE_TESTABILITY = YES;
				GCC_C_LANGUAGE_STANDARD = gnu11;
				GCC_DYNAMIC_NO_PIC = NO;
				GCC_NO_COMMON_BLOCKS = YES;
				GCC_OPTIMIZATION_LEVEL = 0;
				GCC_PREPROCESSOR_DEFINITIONS = (
					"DEBUG=1",
					"$(inherited)",
				);
				GCC_WARN_64_TO_32_BIT_CONVERSION = YES;
				GCC_WARN_ABOUT_RETURN_TYPE = YES_ERROR;
				GCC_WARN_UNDECLARED_SELECTOR = YES;
				GCC_WARN_UNINITIALIZED_AUTOS = YES_AGGRESSIVE;
				GCC_WARN_UNUSED_FUNCTION = YES;
				GCC_WARN_UNUSED_VARIABLE = YES;
				IPHONEOS_DEPLOYMENT_TARGET = 13.4;
				MTL_ENABLE_DEBUG_INFO = INCLUDE_SOURCE;
				MTL_FAST_MATH = YES;
				ONLY_ACTIVE_ARCH = YES;
				SDKROOT = iphoneos;
				SWIFT_ACTIVE_COMPILATION_CONDITIONS = DEBUG;
				SWIFT_OPTIMIZATION_LEVEL = "-Onone";
			};
			name = Debug;
		};
		AA7A8134247991A20028D100 /* Release */ = {
			isa = XCBuildConfiguration;
			buildSettings = {
				ALWAYS_SEARCH_USER_PATHS = NO;
				CLANG_ANALYZER_NONNULL = YES;
				CLANG_ANALYZER_NUMBER_OBJECT_CONVERSION = YES_AGGRESSIVE;
				CLANG_CXX_LANGUAGE_STANDARD = "gnu++14";
				CLANG_CXX_LIBRARY = "libc++";
				CLANG_ENABLE_MODULES = YES;
				CLANG_ENABLE_OBJC_ARC = YES;
				CLANG_ENABLE_OBJC_WEAK = YES;
				CLANG_WARN_BLOCK_CAPTURE_AUTORELEASING = YES;
				CLANG_WARN_BOOL_CONVERSION = YES;
				CLANG_WARN_COMMA = YES;
				CLANG_WARN_CONSTANT_CONVERSION = YES;
				CLANG_WARN_DEPRECATED_OBJC_IMPLEMENTATIONS = YES;
				CLANG_WARN_DIRECT_OBJC_ISA_USAGE = YES_ERROR;
				CLANG_WARN_DOCUMENTATION_COMMENTS = YES;
				CLANG_WARN_EMPTY_BODY = YES;
				CLANG_WARN_ENUM_CONVERSION = YES;
				CLANG_WARN_INFINITE_RECURSION = YES;
				CLANG_WARN_INT_CONVERSION = YES;
				CLANG_WARN_NON_LITERAL_NULL_CONVERSION = YES;
				CLANG_WARN_OBJC_IMPLICIT_RETAIN_SELF = YES;
				CLANG_WARN_OBJC_LITERAL_CONVERSION = YES;
				CLANG_WARN_OBJC_ROOT_CLASS = YES_ERROR;
				CLANG_WARN_RANGE_LOOP_ANALYSIS = YES;
				CLANG_WARN_STRICT_PROTOTYPES = YES;
				CLANG_WARN_SUSPICIOUS_MOVE = YES;
				CLANG_WARN_UNGUARDED_AVAILABILITY = YES_AGGRESSIVE;
				CLANG_WARN_UNREACHABLE_CODE = YES;
				CLANG_WARN__DUPLICATE_METHOD_MATCH = YES;
				COPY_PHASE_STRIP = NO;
				DEBUG_INFORMATION_FORMAT = "dwarf-with-dsym";
				ENABLE_NS_ASSERTIONS = NO;
				ENABLE_STRICT_OBJC_MSGSEND = YES;
				GCC_C_LANGUAGE_STANDARD = gnu11;
				GCC_NO_COMMON_BLOCKS = YES;
				GCC_WARN_64_TO_32_BIT_CONVERSION = YES;
				GCC_WARN_ABOUT_RETURN_TYPE = YES_ERROR;
				GCC_WARN_UNDECLARED_SELECTOR = YES;
				GCC_WARN_UNINITIALIZED_AUTOS = YES_AGGRESSIVE;
				GCC_WARN_UNUSED_FUNCTION = YES;
				GCC_WARN_UNUSED_VARIABLE = YES;
				IPHONEOS_DEPLOYMENT_TARGET = 13.4;
				MTL_ENABLE_DEBUG_INFO = NO;
				MTL_FAST_MATH = YES;
				SDKROOT = iphoneos;
				SWIFT_COMPILATION_MODE = wholemodule;
				SWIFT_OPTIMIZATION_LEVEL = "-O";
				VALIDATE_PRODUCT = YES;
			};
			name = Release;
		};
		AA7A8136247991A20028D100 /* Debug */ = {
			isa = XCBuildConfiguration;
			buildSettings = {
				ASSETCATALOG_COMPILER_APPICON_NAME = AppIcon;
				CODE_SIGN_STYLE = Automatic;
				DEVELOPMENT_TEAM = 52HTPHC2AH;
				INFOPLIST_FILE = RollOn/Info.plist;
				"INFOPLIST_FILE[sdk=*]" = /Users/jonathanevans/Desktop/RollOn/RollOn/RarelyUsedFiles/Info.plist;
				IPHONEOS_DEPLOYMENT_TARGET = 12.3;
				LD_RUNPATH_SEARCH_PATHS = (
					"$(inherited)",
					"@executable_path/Frameworks",
				);
				PRODUCT_BUNDLE_IDENTIFIER = com.example.RollOn;
				PRODUCT_NAME = "$(TARGET_NAME)";
				SWIFT_VERSION = 5.0;
				TARGETED_DEVICE_FAMILY = 2;
			};
			name = Debug;
		};
		AA7A8137247991A20028D100 /* Release */ = {
			isa = XCBuildConfiguration;
			buildSettings = {
				ASSETCATALOG_COMPILER_APPICON_NAME = AppIcon;
				CODE_SIGN_STYLE = Automatic;
				DEVELOPMENT_TEAM = 52HTPHC2AH;
				INFOPLIST_FILE = RollOn/Info.plist;
				"INFOPLIST_FILE[sdk=*]" = /Users/jonathanevans/Desktop/RollOn/RollOn/RarelyUsedFiles/Info.plist;
				IPHONEOS_DEPLOYMENT_TARGET = 12.3;
				LD_RUNPATH_SEARCH_PATHS = (
					"$(inherited)",
					"@executable_path/Frameworks",
				);
				PRODUCT_BUNDLE_IDENTIFIER = com.example.RollOn;
				PRODUCT_NAME = "$(TARGET_NAME)";
				SWIFT_VERSION = 5.0;
				TARGETED_DEVICE_FAMILY = 2;
			};
			name = Release;
		};
/* End XCBuildConfiguration section */

/* Begin XCConfigurationList section */
		AA7A81182479919E0028D100 /* Build configuration list for PBXProject "RollOn" */ = {
			isa = XCConfigurationList;
			buildConfigurations = (
				AA7A8133247991A20028D100 /* Debug */,
				AA7A8134247991A20028D100 /* Release */,
			);
			defaultConfigurationIsVisible = 0;
			defaultConfigurationName = Release;
		};
		AA7A8135247991A20028D100 /* Build configuration list for PBXNativeTarget "RollOn" */ = {
			isa = XCConfigurationList;
			buildConfigurations = (
				AA7A8136247991A20028D100 /* Debug */,
				AA7A8137247991A20028D100 /* Release */,
			);
			defaultConfigurationIsVisible = 0;
			defaultConfigurationName = Release;
		};
/* End XCConfigurationList section */
	};
	rootObject = AA7A81152479919E0028D100 /* Project object */;
}
